
Microsoft Visual Studio Solution File, Format Version 12.00
# Visual Studio Version 17
VisualStudioVersion = 17.2.32630.192
MinimumVisualStudioVersion = 10.0.40219.1
Project("{FAE04EC0-301F-11D3-BF4B-00C04F79EFBC}") = "L12LPRP1232222", "L12LPRP1232222.csproj", "{504A0895-5FB1-4C53-8D72-6226A6B0C9B9}"
EndProject
Global
	GlobalSection(SolutionConfigurationPlatforms) = preSolution
		Debug|Any CPU = Debug|Any CPU
		Release|Any CPU = Release|Any CPU
	EndGlobalSection
	GlobalSection(ProjectConfigurationPlatforms) = postSolution
		{504A0895-5FB1-4C53-8D72-6226A6B0C9B9}.Debug|Any CPU.ActiveCfg = Debug|Any CPU
		{504A0895-5FB1-4C53-8D72-6226A6B0C9B9}.Debug|Any CPU.Build.0 = Debug|Any CPU
		{504A0895-5FB1-4C53-8D72-6226A6B0C9B9}.Release|Any CPU.ActiveCfg = Release|Any CPU
		{504A0895-5FB1-4C53-8D72-6226A6B0C9B9}.Release|Any CPU.Build.0 = Release|Any CPU
	EndGlobalSection
	GlobalSection(SolutionProperties) = preSolution
		HideSolutionNode = FALSE
	EndGlobalSection
	GlobalSection(ExtensibilityGlobals) = postSolution
		SolutionGuid = {6E940678-70C6-4CF3-8EB2-D410CB0E85BF}
	EndGlobalSection
EndGlobal
